// !$*UTF8*$!
{
	archiveVersion = 1;
	classes = {
	};
	objectVersion = 46;
	objects = {

/* Begin PBXBuildFile section */
		184B448C5027C05A33A77631 /* Pods_iOS_AppTemplate.framework in Frameworks */ = {isa = PBXBuildFile; fileRef = C4610C1158D92DB238481DC6 /* Pods_iOS_AppTemplate.framework */; };
		4B3C70D71ED04A39000EBE8B /* UIViewController + PresentAsRoot.swift in Sources */ = {isa = PBXBuildFile; fileRef = 4B3C70D61ED04A39000EBE8B /* UIViewController + PresentAsRoot.swift */; };
		4B3C70D91ED04B2C000EBE8B /* LobbyCoordinator.swift in Sources */ = {isa = PBXBuildFile; fileRef = 4B3C70D81ED04B2C000EBE8B /* LobbyCoordinator.swift */; };
		4B3C70DB1ED04BED000EBE8B /* BaseNavigationController.swift in Sources */ = {isa = PBXBuildFile; fileRef = 4B3C70DA1ED04BED000EBE8B /* BaseNavigationController.swift */; };
		4B3C70DD1ED04D11000EBE8B /* BaseViewController.swift in Sources */ = {isa = PBXBuildFile; fileRef = 4B3C70DC1ED04D11000EBE8B /* BaseViewController.swift */; };
		4B3C70DF1ED05031000EBE8B /* LobbyViewController.swift in Sources */ = {isa = PBXBuildFile; fileRef = 4B3C70DE1ED05031000EBE8B /* LobbyViewController.swift */; };
		4B3C70E11ED0517D000EBE8B /* LobbyViewController.storyboard in Resources */ = {isa = PBXBuildFile; fileRef = 4B3C70E01ED0517D000EBE8B /* LobbyViewController.storyboard */; };
		4B3C70E31ED0575B000EBE8B /* ARCoordinator.swift in Sources */ = {isa = PBXBuildFile; fileRef = 4B3C70E21ED0575B000EBE8B /* ARCoordinator.swift */; };
		4B3C70E91ED06121000EBE8B /* ActionsListTableViewController.swift in Sources */ = {isa = PBXBuildFile; fileRef = 4B3C70E81ED06121000EBE8B /* ActionsListTableViewController.swift */; };
		4B3C70EB1ED06343000EBE8B /* ActionsTableViewCell.swift in Sources */ = {isa = PBXBuildFile; fileRef = 4B3C70EA1ED06343000EBE8B /* ActionsTableViewCell.swift */; };
		4B3C70ED1ED06397000EBE8B /* ActionsTableViewController.storyboard in Resources */ = {isa = PBXBuildFile; fileRef = 4B3C70EC1ED06397000EBE8B /* ActionsTableViewController.storyboard */; };
		4B3C70F01ED06EE4000EBE8B /* CreateEditActionViewController.storyboard in Resources */ = {isa = PBXBuildFile; fileRef = 4B3C70EF1ED06EE4000EBE8B /* CreateEditActionViewController.storyboard */; };
		4B3C70F21ED06FCC000EBE8B /* CreateEditActionViewController.swift in Sources */ = {isa = PBXBuildFile; fileRef = 4B3C70F11ED06FCC000EBE8B /* CreateEditActionViewController.swift */; };
		4B3C70F41ED0A36E000EBE8B /* UsersListViewController.storyboard in Resources */ = {isa = PBXBuildFile; fileRef = 4B3C70F31ED0A36E000EBE8B /* UsersListViewController.storyboard */; };
		4B3C70F61ED0A382000EBE8B /* UsersListViewController.swift in Sources */ = {isa = PBXBuildFile; fileRef = 4B3C70F51ED0A382000EBE8B /* UsersListViewController.swift */; };
		4B3C70FA1ED0A6F5000EBE8B /* UsersListTableViewCell.swift in Sources */ = {isa = PBXBuildFile; fileRef = 4B3C70F91ED0A6F5000EBE8B /* UsersListTableViewCell.swift */; };
		4B3C70FD1ED0AE73000EBE8B /* FilterViewController.swift in Sources */ = {isa = PBXBuildFile; fileRef = 4B3C70FC1ED0AE73000EBE8B /* FilterViewController.swift */; };
		4B3C70FF1ED0AEE1000EBE8B /* FilterViewController.storyboard in Resources */ = {isa = PBXBuildFile; fileRef = 4B3C70FE1ED0AEE1000EBE8B /* FilterViewController.storyboard */; };
		4B3C71011ED0AF84000EBE8B /* FIlterTableViewCell.swift in Sources */ = {isa = PBXBuildFile; fileRef = 4B3C71001ED0AF84000EBE8B /* FIlterTableViewCell.swift */; };
		4B3C71041ED0D0D9000EBE8B /* DescriptionViewController.swift in Sources */ = {isa = PBXBuildFile; fileRef = 4B3C71031ED0D0D9000EBE8B /* DescriptionViewController.swift */; };
		4B3C71061ED0D114000EBE8B /* DescriptionViewController.storyboard in Resources */ = {isa = PBXBuildFile; fileRef = 4B3C71051ED0D114000EBE8B /* DescriptionViewController.storyboard */; };
		4B4E530B1ECC6E3400539AE9 /* AppDelegate.swift in Sources */ = {isa = PBXBuildFile; fileRef = 4B4E530A1ECC6E3400539AE9 /* AppDelegate.swift */; };
		4B4E530D1ECC6E3400539AE9 /* ViewController.swift in Sources */ = {isa = PBXBuildFile; fileRef = 4B4E530C1ECC6E3400539AE9 /* ViewController.swift */; };
		4B4E53101ECC6E3400539AE9 /* Main.storyboard in Resources */ = {isa = PBXBuildFile; fileRef = 4B4E530E1ECC6E3400539AE9 /* Main.storyboard */; };
		4B4E53121ECC6E3400539AE9 /* Assets.xcassets in Resources */ = {isa = PBXBuildFile; fileRef = 4B4E53111ECC6E3400539AE9 /* Assets.xcassets */; };
		4B4E53151ECC6E3400539AE9 /* LaunchScreen.storyboard in Resources */ = {isa = PBXBuildFile; fileRef = 4B4E53131ECC6E3400539AE9 /* LaunchScreen.storyboard */; };
		4B4E53201ECC6E3400539AE9 /* iOS_AppTemplateTests.swift in Sources */ = {isa = PBXBuildFile; fileRef = 4B4E531F1ECC6E3400539AE9 /* iOS_AppTemplateTests.swift */; };
		4B4E532B1ECC6E3400539AE9 /* iOS_AppTemplateUITests.swift in Sources */ = {isa = PBXBuildFile; fileRef = 4B4E532A1ECC6E3400539AE9 /* iOS_AppTemplateUITests.swift */; };
		4B4E53391ECC6E6E00539AE9 /* LoginService.swift in Sources */ = {isa = PBXBuildFile; fileRef = 4B4E53381ECC6E6E00539AE9 /* LoginService.swift */; };
		4B4E533D1ECCAFB900539AE9 /* AppConfig.swift in Sources */ = {isa = PBXBuildFile; fileRef = 4B4E533C1ECCAFB900539AE9 /* AppConfig.swift */; };
		4B4E533F1ECCBAC700539AE9 /* ApiPaths.swift in Sources */ = {isa = PBXBuildFile; fileRef = 4B4E533E1ECCBAC700539AE9 /* ApiPaths.swift */; };
		4B4E53411ECCDEBB00539AE9 /* NetworkingServiceProtocol.swift in Sources */ = {isa = PBXBuildFile; fileRef = 4B4E53401ECCDEBB00539AE9 /* NetworkingServiceProtocol.swift */; };
		4B4E53451ECDB82B00539AE9 /* Token.swift in Sources */ = {isa = PBXBuildFile; fileRef = 4B4E53441ECDB82B00539AE9 /* Token.swift */; };
		4B64DE091ECDF29F0042941F /* UserDefaultsManager.swift in Sources */ = {isa = PBXBuildFile; fileRef = 4B64DE081ECDF29F0042941F /* UserDefaultsManager.swift */; };
		4B64DE0D1ECF99130042941F /* MainCoordinator.swift in Sources */ = {isa = PBXBuildFile; fileRef = 4B64DE0C1ECF99130042941F /* MainCoordinator.swift */; };
		4B92B5F11ED0E4E8001362E5 /* ActionDetailsViewController.storyboard in Resources */ = {isa = PBXBuildFile; fileRef = 4B92B5F01ED0E4E8001362E5 /* ActionDetailsViewController.storyboard */; };
		4B92B5F31ED0E4F8001362E5 /* ActionDetailsViewController.swift in Sources */ = {isa = PBXBuildFile; fileRef = 4B92B5F21ED0E4F8001362E5 /* ActionDetailsViewController.swift */; };
		4BBC5BE31ED0FA9500CD834C /* LoginViewController.storyboard in Resources */ = {isa = PBXBuildFile; fileRef = 4BBC5BE21ED0FA9500CD834C /* LoginViewController.storyboard */; };
		4BBC5BE81ED10A5F00CD834C /* PlaceViewController.swift in Sources */ = {isa = PBXBuildFile; fileRef = 4BBC5BE71ED10A5F00CD834C /* PlaceViewController.swift */; };
		4BBC5BEA1ED10ABA00CD834C /* Place.swift in Sources */ = {isa = PBXBuildFile; fileRef = 4BBC5BE91ED10ABA00CD834C /* Place.swift */; };
		4BBC5BEC1ED10ADF00CD834C /* AnnotationView.swift in Sources */ = {isa = PBXBuildFile; fileRef = 4BBC5BEB1ED10ADF00CD834C /* AnnotationView.swift */; };
		4BBC5BEE1ED10B0F00CD834C /* PlaceAnnotation.swift in Sources */ = {isa = PBXBuildFile; fileRef = 4BBC5BED1ED10B0F00CD834C /* PlaceAnnotation.swift */; };
		4BBC5BF01ED10B3000CD834C /* PlacesLoader.swift in Sources */ = {isa = PBXBuildFile; fileRef = 4BBC5BEF1ED10B3000CD834C /* PlacesLoader.swift */; };
		4BBC5BF21ED10B5800CD834C /* PlaceViewController.storyboard in Resources */ = {isa = PBXBuildFile; fileRef = 4BBC5BF11ED10B5800CD834C /* PlaceViewController.storyboard */; };
		4BBC5BF41ED10BA200CD834C /* HDAugmentedReality in Resources */ = {isa = PBXBuildFile; fileRef = 4BBC5BF31ED10BA200CD834C /* HDAugmentedReality */; };
		4BBC5BF61ED10C1C00CD834C /* ARAnnotation.swift in Sources */ = {isa = PBXBuildFile; fileRef = 4BBC5BF51ED10C1C00CD834C /* ARAnnotation.swift */; };
		4BBC5BF81ED10C2500CD834C /* ARAnnotationView.swift in Sources */ = {isa = PBXBuildFile; fileRef = 4BBC5BF71ED10C2500CD834C /* ARAnnotationView.swift */; };
		4BBC5BFA1ED10C2A00CD834C /* ARConfiguration.swift in Sources */ = {isa = PBXBuildFile; fileRef = 4BBC5BF91ED10C2A00CD834C /* ARConfiguration.swift */; };
		4BBC5BFC1ED10C2F00CD834C /* ARTrackingManager.swift in Sources */ = {isa = PBXBuildFile; fileRef = 4BBC5BFB1ED10C2F00CD834C /* ARTrackingManager.swift */; };
		4BBC5BFE1ED10C3600CD834C /* ARViewController.swift in Sources */ = {isa = PBXBuildFile; fileRef = 4BBC5BFD1ED10C3600CD834C /* ARViewController.swift */; };
		4BBC5C001ED10C4B00CD834C /* DebugMapViewController.swift in Sources */ = {isa = PBXBuildFile; fileRef = 4BBC5BFF1ED10C4B00CD834C /* DebugMapViewController.swift */; };
		4BBC5C021ED10C5B00CD834C /* DebugMapViewController.xib in Resources */ = {isa = PBXBuildFile; fileRef = 4BBC5C011ED10C5B00CD834C /* DebugMapViewController.xib */; };
		4BBC5C041ED10C6200CD834C /* hdar_close.png in Resources */ = {isa = PBXBuildFile; fileRef = 4BBC5C031ED10C6200CD834C /* hdar_close.png */; };
		4BBC5C061ED10C6800CD834C /* hdar_close@2x.png in Resources */ = {isa = PBXBuildFile; fileRef = 4BBC5C051ED10C6800CD834C /* hdar_close@2x.png */; };
		4BBC5C081ED10C7000CD834C /* hdar_close@3x.png in Resources */ = {isa = PBXBuildFile; fileRef = 4BBC5C071ED10C7000CD834C /* hdar_close@3x.png */; };
		4BF370311ED0F5E40051ED46 /* Channel.swift in Sources */ = {isa = PBXBuildFile; fileRef = 4BF370271ED0F5E40051ED46 /* Channel.swift */; };
		4BF370321ED0F5E40051ED46 /* ChannelListViewController.swift in Sources */ = {isa = PBXBuildFile; fileRef = 4BF370281ED0F5E40051ED46 /* ChannelListViewController.swift */; };
		4BF370331ED0F5E40051ED46 /* ChatViewController.swift in Sources */ = {isa = PBXBuildFile; fileRef = 4BF3702B1ED0F5E40051ED46 /* ChatViewController.swift */; };
		4BF370341ED0F5E40051ED46 /* CreateChannelCell.swift in Sources */ = {isa = PBXBuildFile; fileRef = 4BF3702C1ED0F5E40051ED46 /* CreateChannelCell.swift */; };
		4BF370351ED0F5E40051ED46 /* GoogleService-Info.plist in Resources */ = {isa = PBXBuildFile; fileRef = 4BF3702D1ED0F5E40051ED46 /* GoogleService-Info.plist */; };
		4BF370361ED0F5E40051ED46 /* LoginViewController.swift in Sources */ = {isa = PBXBuildFile; fileRef = 4BF3702E1ED0F5E40051ED46 /* LoginViewController.swift */; };
		4BF370371ED0F5E40051ED46 /* m.m in Sources */ = {isa = PBXBuildFile; fileRef = 4BF3702F1ED0F5E40051ED46 /* m.m */; };
		4BF370381ED0F5E40051ED46 /* UIImage+Gif.swift in Sources */ = {isa = PBXBuildFile; fileRef = 4BF370301ED0F5E40051ED46 /* UIImage+Gif.swift */; };
		B06B76A35D67BE544934C546 /* Pods_iOS_AppTemplateTests.framework in Frameworks */ = {isa = PBXBuildFile; fileRef = 02C251434CDE936964A787E2 /* Pods_iOS_AppTemplateTests.framework */; };
		DF27C0FE2F4B0BCD7A82A475 /* Pods_iOS_AppTemplateUITests.framework in Frameworks */ = {isa = PBXBuildFile; fileRef = ABCFCB04F2F685FD813E555E /* Pods_iOS_AppTemplateUITests.framework */; };
/* End PBXBuildFile section */

/* Begin PBXContainerItemProxy section */
		4B4E531C1ECC6E3400539AE9 /* PBXContainerItemProxy */ = {
			isa = PBXContainerItemProxy;
			containerPortal = 4B4E52FF1ECC6E3400539AE9 /* Project object */;
			proxyType = 1;
			remoteGlobalIDString = 4B4E53061ECC6E3400539AE9;
			remoteInfo = "iOS-AppTemplate";
		};
		4B4E53271ECC6E3400539AE9 /* PBXContainerItemProxy */ = {
			isa = PBXContainerItemProxy;
			containerPortal = 4B4E52FF1ECC6E3400539AE9 /* Project object */;
			proxyType = 1;
			remoteGlobalIDString = 4B4E53061ECC6E3400539AE9;
			remoteInfo = "iOS-AppTemplate";
		};
/* End PBXContainerItemProxy section */

/* Begin PBXFileReference section */
		02C251434CDE936964A787E2 /* Pods_iOS_AppTemplateTests.framework */ = {isa = PBXFileReference; explicitFileType = wrapper.framework; includeInIndex = 0; path = Pods_iOS_AppTemplateTests.framework; sourceTree = BUILT_PRODUCTS_DIR; };
		4B3C70D61ED04A39000EBE8B /* UIViewController + PresentAsRoot.swift */ = {isa = PBXFileReference; fileEncoding = 4; lastKnownFileType = sourcecode.swift; path = "UIViewController + PresentAsRoot.swift"; sourceTree = "<group>"; };
		4B3C70D81ED04B2C000EBE8B /* LobbyCoordinator.swift */ = {isa = PBXFileReference; fileEncoding = 4; lastKnownFileType = sourcecode.swift; path = LobbyCoordinator.swift; sourceTree = "<group>"; };
		4B3C70DA1ED04BED000EBE8B /* BaseNavigationController.swift */ = {isa = PBXFileReference; fileEncoding = 4; lastKnownFileType = sourcecode.swift; path = BaseNavigationController.swift; sourceTree = "<group>"; };
		4B3C70DC1ED04D11000EBE8B /* BaseViewController.swift */ = {isa = PBXFileReference; fileEncoding = 4; lastKnownFileType = sourcecode.swift; path = BaseViewController.swift; sourceTree = "<group>"; };
		4B3C70DE1ED05031000EBE8B /* LobbyViewController.swift */ = {isa = PBXFileReference; fileEncoding = 4; lastKnownFileType = sourcecode.swift; path = LobbyViewController.swift; sourceTree = "<group>"; };
		4B3C70E01ED0517D000EBE8B /* LobbyViewController.storyboard */ = {isa = PBXFileReference; fileEncoding = 4; lastKnownFileType = file.storyboard; path = LobbyViewController.storyboard; sourceTree = "<group>"; };
		4B3C70E21ED0575B000EBE8B /* ARCoordinator.swift */ = {isa = PBXFileReference; fileEncoding = 4; lastKnownFileType = sourcecode.swift; path = ARCoordinator.swift; sourceTree = "<group>"; };
		4B3C70E81ED06121000EBE8B /* ActionsListTableViewController.swift */ = {isa = PBXFileReference; fileEncoding = 4; lastKnownFileType = sourcecode.swift; path = ActionsListTableViewController.swift; sourceTree = "<group>"; };
		4B3C70EA1ED06343000EBE8B /* ActionsTableViewCell.swift */ = {isa = PBXFileReference; fileEncoding = 4; lastKnownFileType = sourcecode.swift; path = ActionsTableViewCell.swift; sourceTree = "<group>"; };
		4B3C70EC1ED06397000EBE8B /* ActionsTableViewController.storyboard */ = {isa = PBXFileReference; fileEncoding = 4; lastKnownFileType = file.storyboard; path = ActionsTableViewController.storyboard; sourceTree = "<group>"; };
		4B3C70EF1ED06EE4000EBE8B /* CreateEditActionViewController.storyboard */ = {isa = PBXFileReference; fileEncoding = 4; lastKnownFileType = file.storyboard; path = CreateEditActionViewController.storyboard; sourceTree = "<group>"; };
		4B3C70F11ED06FCC000EBE8B /* CreateEditActionViewController.swift */ = {isa = PBXFileReference; fileEncoding = 4; lastKnownFileType = sourcecode.swift; path = CreateEditActionViewController.swift; sourceTree = "<group>"; };
		4B3C70F31ED0A36E000EBE8B /* UsersListViewController.storyboard */ = {isa = PBXFileReference; fileEncoding = 4; lastKnownFileType = file.storyboard; path = UsersListViewController.storyboard; sourceTree = "<group>"; };
		4B3C70F51ED0A382000EBE8B /* UsersListViewController.swift */ = {isa = PBXFileReference; fileEncoding = 4; lastKnownFileType = sourcecode.swift; path = UsersListViewController.swift; sourceTree = "<group>"; };
		4B3C70F91ED0A6F5000EBE8B /* UsersListTableViewCell.swift */ = {isa = PBXFileReference; fileEncoding = 4; lastKnownFileType = sourcecode.swift; path = UsersListTableViewCell.swift; sourceTree = "<group>"; };
		4B3C70FC1ED0AE73000EBE8B /* FilterViewController.swift */ = {isa = PBXFileReference; fileEncoding = 4; lastKnownFileType = sourcecode.swift; path = FilterViewController.swift; sourceTree = "<group>"; };
		4B3C70FE1ED0AEE1000EBE8B /* FilterViewController.storyboard */ = {isa = PBXFileReference; fileEncoding = 4; lastKnownFileType = file.storyboard; path = FilterViewController.storyboard; sourceTree = "<group>"; };
		4B3C71001ED0AF84000EBE8B /* FIlterTableViewCell.swift */ = {isa = PBXFileReference; fileEncoding = 4; lastKnownFileType = sourcecode.swift; path = FIlterTableViewCell.swift; sourceTree = "<group>"; };
		4B3C71031ED0D0D9000EBE8B /* DescriptionViewController.swift */ = {isa = PBXFileReference; fileEncoding = 4; lastKnownFileType = sourcecode.swift; path = DescriptionViewController.swift; sourceTree = "<group>"; };
		4B3C71051ED0D114000EBE8B /* DescriptionViewController.storyboard */ = {isa = PBXFileReference; fileEncoding = 4; lastKnownFileType = file.storyboard; path = DescriptionViewController.storyboard; sourceTree = "<group>"; };
		4B4E53071ECC6E3400539AE9 /* iOS-AppTemplate.app */ = {isa = PBXFileReference; explicitFileType = wrapper.application; includeInIndex = 0; path = "iOS-AppTemplate.app"; sourceTree = BUILT_PRODUCTS_DIR; };
		4B4E530A1ECC6E3400539AE9 /* AppDelegate.swift */ = {isa = PBXFileReference; lastKnownFileType = sourcecode.swift; path = AppDelegate.swift; sourceTree = "<group>"; };
		4B4E530C1ECC6E3400539AE9 /* ViewController.swift */ = {isa = PBXFileReference; lastKnownFileType = sourcecode.swift; path = ViewController.swift; sourceTree = "<group>"; };
		4B4E530F1ECC6E3400539AE9 /* Base */ = {isa = PBXFileReference; lastKnownFileType = file.storyboard; name = Base; path = Base.lproj/Main.storyboard; sourceTree = "<group>"; };
		4B4E53111ECC6E3400539AE9 /* Assets.xcassets */ = {isa = PBXFileReference; lastKnownFileType = folder.assetcatalog; path = Assets.xcassets; sourceTree = "<group>"; };
		4B4E53141ECC6E3400539AE9 /* Base */ = {isa = PBXFileReference; lastKnownFileType = file.storyboard; name = Base; path = Base.lproj/LaunchScreen.storyboard; sourceTree = "<group>"; };
		4B4E53161ECC6E3400539AE9 /* Info.plist */ = {isa = PBXFileReference; lastKnownFileType = text.plist.xml; path = Info.plist; sourceTree = "<group>"; };
		4B4E531B1ECC6E3400539AE9 /* iOS-AppTemplateTests.xctest */ = {isa = PBXFileReference; explicitFileType = wrapper.cfbundle; includeInIndex = 0; path = "iOS-AppTemplateTests.xctest"; sourceTree = BUILT_PRODUCTS_DIR; };
		4B4E531F1ECC6E3400539AE9 /* iOS_AppTemplateTests.swift */ = {isa = PBXFileReference; lastKnownFileType = sourcecode.swift; path = iOS_AppTemplateTests.swift; sourceTree = "<group>"; };
		4B4E53211ECC6E3400539AE9 /* Info.plist */ = {isa = PBXFileReference; lastKnownFileType = text.plist.xml; path = Info.plist; sourceTree = "<group>"; };
		4B4E53261ECC6E3400539AE9 /* iOS-AppTemplateUITests.xctest */ = {isa = PBXFileReference; explicitFileType = wrapper.cfbundle; includeInIndex = 0; path = "iOS-AppTemplateUITests.xctest"; sourceTree = BUILT_PRODUCTS_DIR; };
		4B4E532A1ECC6E3400539AE9 /* iOS_AppTemplateUITests.swift */ = {isa = PBXFileReference; lastKnownFileType = sourcecode.swift; path = iOS_AppTemplateUITests.swift; sourceTree = "<group>"; };
		4B4E532C1ECC6E3400539AE9 /* Info.plist */ = {isa = PBXFileReference; lastKnownFileType = text.plist.xml; path = Info.plist; sourceTree = "<group>"; };
		4B4E53381ECC6E6E00539AE9 /* LoginService.swift */ = {isa = PBXFileReference; fileEncoding = 4; lastKnownFileType = sourcecode.swift; path = LoginService.swift; sourceTree = "<group>"; };
		4B4E533C1ECCAFB900539AE9 /* AppConfig.swift */ = {isa = PBXFileReference; fileEncoding = 4; lastKnownFileType = sourcecode.swift; path = AppConfig.swift; sourceTree = "<group>"; };
		4B4E533E1ECCBAC700539AE9 /* ApiPaths.swift */ = {isa = PBXFileReference; fileEncoding = 4; lastKnownFileType = sourcecode.swift; path = ApiPaths.swift; sourceTree = "<group>"; };
		4B4E53401ECCDEBB00539AE9 /* NetworkingServiceProtocol.swift */ = {isa = PBXFileReference; fileEncoding = 4; lastKnownFileType = sourcecode.swift; path = NetworkingServiceProtocol.swift; sourceTree = "<group>"; };
		4B4E53441ECDB82B00539AE9 /* Token.swift */ = {isa = PBXFileReference; fileEncoding = 4; lastKnownFileType = sourcecode.swift; path = Token.swift; sourceTree = "<group>"; };
		4B64DE081ECDF29F0042941F /* UserDefaultsManager.swift */ = {isa = PBXFileReference; fileEncoding = 4; lastKnownFileType = sourcecode.swift; path = UserDefaultsManager.swift; sourceTree = "<group>"; };
		4B64DE0C1ECF99130042941F /* MainCoordinator.swift */ = {isa = PBXFileReference; fileEncoding = 4; lastKnownFileType = sourcecode.swift; path = MainCoordinator.swift; sourceTree = "<group>"; };
		4B92B5F01ED0E4E8001362E5 /* ActionDetailsViewController.storyboard */ = {isa = PBXFileReference; fileEncoding = 4; lastKnownFileType = file.storyboard; path = ActionDetailsViewController.storyboard; sourceTree = "<group>"; };
		4B92B5F21ED0E4F8001362E5 /* ActionDetailsViewController.swift */ = {isa = PBXFileReference; fileEncoding = 4; lastKnownFileType = sourcecode.swift; path = ActionDetailsViewController.swift; sourceTree = "<group>"; };
		4BBC5BE21ED0FA9500CD834C /* LoginViewController.storyboard */ = {isa = PBXFileReference; fileEncoding = 4; lastKnownFileType = file.storyboard; path = LoginViewController.storyboard; sourceTree = "<group>"; };
		4BBC5BE71ED10A5F00CD834C /* PlaceViewController.swift */ = {isa = PBXFileReference; fileEncoding = 4; lastKnownFileType = sourcecode.swift; path = PlaceViewController.swift; sourceTree = "<group>"; };
		4BBC5BE91ED10ABA00CD834C /* Place.swift */ = {isa = PBXFileReference; fileEncoding = 4; lastKnownFileType = sourcecode.swift; path = Place.swift; sourceTree = "<group>"; };
		4BBC5BEB1ED10ADF00CD834C /* AnnotationView.swift */ = {isa = PBXFileReference; fileEncoding = 4; lastKnownFileType = sourcecode.swift; path = AnnotationView.swift; sourceTree = "<group>"; };
		4BBC5BED1ED10B0F00CD834C /* PlaceAnnotation.swift */ = {isa = PBXFileReference; fileEncoding = 4; lastKnownFileType = sourcecode.swift; path = PlaceAnnotation.swift; sourceTree = "<group>"; };
		4BBC5BEF1ED10B3000CD834C /* PlacesLoader.swift */ = {isa = PBXFileReference; fileEncoding = 4; lastKnownFileType = sourcecode.swift; path = PlacesLoader.swift; sourceTree = "<group>"; };
		4BBC5BF11ED10B5800CD834C /* PlaceViewController.storyboard */ = {isa = PBXFileReference; fileEncoding = 4; lastKnownFileType = file.storyboard; path = PlaceViewController.storyboard; sourceTree = "<group>"; };
		4BBC5BF31ED10BA200CD834C /* HDAugmentedReality */ = {isa = PBXFileReference; lastKnownFileType = folder; path = HDAugmentedReality; sourceTree = "<group>"; };
		4BBC5BF51ED10C1C00CD834C /* ARAnnotation.swift */ = {isa = PBXFileReference; fileEncoding = 4; lastKnownFileType = sourcecode.swift; name = ARAnnotation.swift; path = HDAugmentedReality/Classes/ARAnnotation.swift; sourceTree = "<group>"; };
		4BBC5BF71ED10C2500CD834C /* ARAnnotationView.swift */ = {isa = PBXFileReference; fileEncoding = 4; lastKnownFileType = sourcecode.swift; name = ARAnnotationView.swift; path = HDAugmentedReality/Classes/ARAnnotationView.swift; sourceTree = "<group>"; };
		4BBC5BF91ED10C2A00CD834C /* ARConfiguration.swift */ = {isa = PBXFileReference; fileEncoding = 4; lastKnownFileType = sourcecode.swift; name = ARConfiguration.swift; path = HDAugmentedReality/Classes/ARConfiguration.swift; sourceTree = "<group>"; };
		4BBC5BFB1ED10C2F00CD834C /* ARTrackingManager.swift */ = {isa = PBXFileReference; fileEncoding = 4; lastKnownFileType = sourcecode.swift; name = ARTrackingManager.swift; path = HDAugmentedReality/Classes/ARTrackingManager.swift; sourceTree = "<group>"; };
		4BBC5BFD1ED10C3600CD834C /* ARViewController.swift */ = {isa = PBXFileReference; fileEncoding = 4; lastKnownFileType = sourcecode.swift; name = ARViewController.swift; path = HDAugmentedReality/Classes/ARViewController.swift; sourceTree = "<group>"; };
		4BBC5BFF1ED10C4B00CD834C /* DebugMapViewController.swift */ = {isa = PBXFileReference; fileEncoding = 4; lastKnownFileType = sourcecode.swift; name = DebugMapViewController.swift; path = HDAugmentedReality/Classes/Debug/DebugMapViewController.swift; sourceTree = "<group>"; };
		4BBC5C011ED10C5B00CD834C /* DebugMapViewController.xib */ = {isa = PBXFileReference; fileEncoding = 4; lastKnownFileType = file.xib; name = DebugMapViewController.xib; path = HDAugmentedReality/Classes/DebugMapViewController.xib; sourceTree = "<group>"; };
		4BBC5C031ED10C6200CD834C /* hdar_close.png */ = {isa = PBXFileReference; lastKnownFileType = image.png; name = hdar_close.png; path = HDAugmentedReality/Resources/hdar_close.png; sourceTree = "<group>"; };
		4BBC5C051ED10C6800CD834C /* hdar_close@2x.png */ = {isa = PBXFileReference; lastKnownFileType = image.png; name = "hdar_close@2x.png"; path = "HDAugmentedReality/Resources/hdar_close@2x.png"; sourceTree = "<group>"; };
		4BBC5C071ED10C7000CD834C /* hdar_close@3x.png */ = {isa = PBXFileReference; lastKnownFileType = image.png; name = "hdar_close@3x.png"; path = "HDAugmentedReality/Resources/hdar_close@3x.png"; sourceTree = "<group>"; };
		4BF370261ED0F5E30051ED46 /* iOS-AppTemplate-Bridging-Header.h */ = {isa = PBXFileReference; lastKnownFileType = sourcecode.c.h; path = "iOS-AppTemplate-Bridging-Header.h"; sourceTree = "<group>"; };
		4BF370271ED0F5E40051ED46 /* Channel.swift */ = {isa = PBXFileReference; fileEncoding = 4; lastKnownFileType = sourcecode.swift; path = Channel.swift; sourceTree = "<group>"; };
		4BF370281ED0F5E40051ED46 /* ChannelListViewController.swift */ = {isa = PBXFileReference; fileEncoding = 4; lastKnownFileType = sourcecode.swift; path = ChannelListViewController.swift; sourceTree = "<group>"; };
		4BF370291ED0F5E40051ED46 /* ChatChat-Bridging-Header.h */ = {isa = PBXFileReference; fileEncoding = 4; lastKnownFileType = sourcecode.c.h; path = "ChatChat-Bridging-Header.h"; sourceTree = "<group>"; };
		4BF3702A1ED0F5E40051ED46 /* ChatChat.entitlements */ = {isa = PBXFileReference; fileEncoding = 4; lastKnownFileType = text.plist.entitlements; path = ChatChat.entitlements; sourceTree = "<group>"; };
		4BF3702B1ED0F5E40051ED46 /* ChatViewController.swift */ = {isa = PBXFileReference; fileEncoding = 4; lastKnownFileType = sourcecode.swift; path = ChatViewController.swift; sourceTree = "<group>"; };
		4BF3702C1ED0F5E40051ED46 /* CreateChannelCell.swift */ = {isa = PBXFileReference; fileEncoding = 4; lastKnownFileType = sourcecode.swift; path = CreateChannelCell.swift; sourceTree = "<group>"; };
		4BF3702D1ED0F5E40051ED46 /* GoogleService-Info.plist */ = {isa = PBXFileReference; fileEncoding = 4; lastKnownFileType = text.plist.xml; path = "GoogleService-Info.plist"; sourceTree = "<group>"; };
		4BF3702E1ED0F5E40051ED46 /* LoginViewController.swift */ = {isa = PBXFileReference; fileEncoding = 4; lastKnownFileType = sourcecode.swift; path = LoginViewController.swift; sourceTree = "<group>"; };
		4BF3702F1ED0F5E40051ED46 /* m.m */ = {isa = PBXFileReference; fileEncoding = 4; lastKnownFileType = sourcecode.c.objc; path = m.m; sourceTree = "<group>"; };
		4BF370301ED0F5E40051ED46 /* UIImage+Gif.swift */ = {isa = PBXFileReference; fileEncoding = 4; lastKnownFileType = sourcecode.swift; path = "UIImage+Gif.swift"; sourceTree = "<group>"; };
		86FD264CA470BA17F7936E13 /* Pods-iOS-AppTemplateTests.debug.xcconfig */ = {isa = PBXFileReference; includeInIndex = 1; lastKnownFileType = text.xcconfig; name = "Pods-iOS-AppTemplateTests.debug.xcconfig"; path = "Pods/Target Support Files/Pods-iOS-AppTemplateTests/Pods-iOS-AppTemplateTests.debug.xcconfig"; sourceTree = "<group>"; };
		A8C9F026DB0F1CF07D8FBEEB /* Pods-iOS-AppTemplate.debug.xcconfig */ = {isa = PBXFileReference; includeInIndex = 1; lastKnownFileType = text.xcconfig; name = "Pods-iOS-AppTemplate.debug.xcconfig"; path = "Pods/Target Support Files/Pods-iOS-AppTemplate/Pods-iOS-AppTemplate.debug.xcconfig"; sourceTree = "<group>"; };
		ABCFCB04F2F685FD813E555E /* Pods_iOS_AppTemplateUITests.framework */ = {isa = PBXFileReference; explicitFileType = wrapper.framework; includeInIndex = 0; path = Pods_iOS_AppTemplateUITests.framework; sourceTree = BUILT_PRODUCTS_DIR; };
		C4610C1158D92DB238481DC6 /* Pods_iOS_AppTemplate.framework */ = {isa = PBXFileReference; explicitFileType = wrapper.framework; includeInIndex = 0; path = Pods_iOS_AppTemplate.framework; sourceTree = BUILT_PRODUCTS_DIR; };
		D6AE6101695B9E9B5F8613D9 /* Pods-iOS-AppTemplate.release.xcconfig */ = {isa = PBXFileReference; includeInIndex = 1; lastKnownFileType = text.xcconfig; name = "Pods-iOS-AppTemplate.release.xcconfig"; path = "Pods/Target Support Files/Pods-iOS-AppTemplate/Pods-iOS-AppTemplate.release.xcconfig"; sourceTree = "<group>"; };
		DF2FB19B10E8478BCC7E6C05 /* Pods-iOS-AppTemplateTests.release.xcconfig */ = {isa = PBXFileReference; includeInIndex = 1; lastKnownFileType = text.xcconfig; name = "Pods-iOS-AppTemplateTests.release.xcconfig"; path = "Pods/Target Support Files/Pods-iOS-AppTemplateTests/Pods-iOS-AppTemplateTests.release.xcconfig"; sourceTree = "<group>"; };
		F2B5C190C2413ABC9A3503A5 /* Pods-iOS-AppTemplateUITests.release.xcconfig */ = {isa = PBXFileReference; includeInIndex = 1; lastKnownFileType = text.xcconfig; name = "Pods-iOS-AppTemplateUITests.release.xcconfig"; path = "Pods/Target Support Files/Pods-iOS-AppTemplateUITests/Pods-iOS-AppTemplateUITests.release.xcconfig"; sourceTree = "<group>"; };
		FCC0C73E48B0AE148491D6AF /* Pods-iOS-AppTemplateUITests.debug.xcconfig */ = {isa = PBXFileReference; includeInIndex = 1; lastKnownFileType = text.xcconfig; name = "Pods-iOS-AppTemplateUITests.debug.xcconfig"; path = "Pods/Target Support Files/Pods-iOS-AppTemplateUITests/Pods-iOS-AppTemplateUITests.debug.xcconfig"; sourceTree = "<group>"; };
/* End PBXFileReference section */

/* Begin PBXFrameworksBuildPhase section */
		4B4E53041ECC6E3400539AE9 /* Frameworks */ = {
			isa = PBXFrameworksBuildPhase;
			buildActionMask = 2147483647;
			files = (
				184B448C5027C05A33A77631 /* Pods_iOS_AppTemplate.framework in Frameworks */,
			);
			runOnlyForDeploymentPostprocessing = 0;
		};
		4B4E53181ECC6E3400539AE9 /* Frameworks */ = {
			isa = PBXFrameworksBuildPhase;
			buildActionMask = 2147483647;
			files = (
				B06B76A35D67BE544934C546 /* Pods_iOS_AppTemplateTests.framework in Frameworks */,
			);
			runOnlyForDeploymentPostprocessing = 0;
		};
		4B4E53231ECC6E3400539AE9 /* Frameworks */ = {
			isa = PBXFrameworksBuildPhase;
			buildActionMask = 2147483647;
			files = (
				DF27C0FE2F4B0BCD7A82A475 /* Pods_iOS_AppTemplateUITests.framework in Frameworks */,
			);
			runOnlyForDeploymentPostprocessing = 0;
		};
/* End PBXFrameworksBuildPhase section */

/* Begin PBXGroup section */
		471D8FDF93A88B15C72775F4 /* Pods */ = {
			isa = PBXGroup;
			children = (
				A8C9F026DB0F1CF07D8FBEEB /* Pods-iOS-AppTemplate.debug.xcconfig */,
				D6AE6101695B9E9B5F8613D9 /* Pods-iOS-AppTemplate.release.xcconfig */,
				86FD264CA470BA17F7936E13 /* Pods-iOS-AppTemplateTests.debug.xcconfig */,
				DF2FB19B10E8478BCC7E6C05 /* Pods-iOS-AppTemplateTests.release.xcconfig */,
				FCC0C73E48B0AE148491D6AF /* Pods-iOS-AppTemplateUITests.debug.xcconfig */,
				F2B5C190C2413ABC9A3503A5 /* Pods-iOS-AppTemplateUITests.release.xcconfig */,
			);
			name = Pods;
			sourceTree = "<group>";
		};
		4B3C70E41ED057D5000EBE8B /* Lobby */ = {
			isa = PBXGroup;
			children = (
				4B3C70D81ED04B2C000EBE8B /* LobbyCoordinator.swift */,
				4B3C70E01ED0517D000EBE8B /* LobbyViewController.storyboard */,
				4B3C70DE1ED05031000EBE8B /* LobbyViewController.swift */,
				4B3C70E71ED06084000EBE8B /* Actions List */,
				4B3C70EE1ED06EA7000EBE8B /* Create / Edit action */,
			);
			name = Lobby;
			sourceTree = "<group>";
		};
		4B3C70E51ED057ED000EBE8B /* BASE */ = {
			isa = PBXGroup;
			children = (
				4B3C70DA1ED04BED000EBE8B /* BaseNavigationController.swift */,
				4B3C70DC1ED04D11000EBE8B /* BaseViewController.swift */,
				4B3C70D61ED04A39000EBE8B /* UIViewController + PresentAsRoot.swift */,
			);
			name = BASE;
			sourceTree = "<group>";
		};
		4B3C70E61ED05815000EBE8B /* AR */ = {
			isa = PBXGroup;
			children = (
				4B3C70E21ED0575B000EBE8B /* ARCoordinator.swift */,
				4BBC5BE41ED1066200CD834C /* Places */,
			);
			name = AR;
			sourceTree = "<group>";
		};
		4B3C70E71ED06084000EBE8B /* Actions List */ = {
			isa = PBXGroup;
			children = (
				4B3C70EC1ED06397000EBE8B /* ActionsTableViewController.storyboard */,
				4B3C70E81ED06121000EBE8B /* ActionsListTableViewController.swift */,
				4B3C70EA1ED06343000EBE8B /* ActionsTableViewCell.swift */,
				4B92B5EF1ED0E4D0001362E5 /* Action Details */,
			);
			name = "Actions List";
			sourceTree = "<group>";
		};
		4B3C70EE1ED06EA7000EBE8B /* Create / Edit action */ = {
			isa = PBXGroup;
			children = (
				4BF370251ED0F5B70051ED46 /* SOCKET CHAT */,
				4B3C70F71ED0A6A6000EBE8B /* CreateEditActionViewController */,
				4B3C70F81ED0A6BA000EBE8B /* UsersListViewController */,
				4B3C71021ED0D0B6000EBE8B /* DescriptionViewController */,
			);
			name = "Create / Edit action";
			sourceTree = "<group>";
		};
		4B3C70F71ED0A6A6000EBE8B /* CreateEditActionViewController */ = {
			isa = PBXGroup;
			children = (
				4B3C70EF1ED06EE4000EBE8B /* CreateEditActionViewController.storyboard */,
				4B3C70F11ED06FCC000EBE8B /* CreateEditActionViewController.swift */,
			);
			name = CreateEditActionViewController;
			sourceTree = "<group>";
		};
		4B3C70F81ED0A6BA000EBE8B /* UsersListViewController */ = {
			isa = PBXGroup;
			children = (
				4B3C70FB1ED0AE21000EBE8B /* FIlter */,
				4B3C70F31ED0A36E000EBE8B /* UsersListViewController.storyboard */,
				4B3C70F51ED0A382000EBE8B /* UsersListViewController.swift */,
				4B3C70F91ED0A6F5000EBE8B /* UsersListTableViewCell.swift */,
			);
			name = UsersListViewController;
			sourceTree = "<group>";
		};
		4B3C70FB1ED0AE21000EBE8B /* FIlter */ = {
			isa = PBXGroup;
			children = (
				4B3C70FE1ED0AEE1000EBE8B /* FilterViewController.storyboard */,
				4B3C70FC1ED0AE73000EBE8B /* FilterViewController.swift */,
				4B3C71001ED0AF84000EBE8B /* FIlterTableViewCell.swift */,
			);
			name = FIlter;
			sourceTree = "<group>";
		};
		4B3C71021ED0D0B6000EBE8B /* DescriptionViewController */ = {
			isa = PBXGroup;
			children = (
				4B3C71051ED0D114000EBE8B /* DescriptionViewController.storyboard */,
				4B3C71031ED0D0D9000EBE8B /* DescriptionViewController.swift */,
			);
			name = DescriptionViewController;
			sourceTree = "<group>";
		};
		4B4E52FE1ECC6E3400539AE9 = {
			isa = PBXGroup;
			children = (
				4B4E53091ECC6E3400539AE9 /* iOS-AppTemplate */,
				4B4E53291ECC6E3400539AE9 /* iOS-AppTemplateUITests */,
				4B4E53081ECC6E3400539AE9 /* Products */,
				4B4E531E1ECC6E3400539AE9 /* iOS-AppTemplateTests */,
				471D8FDF93A88B15C72775F4 /* Pods */,
				AAB65ACE34F704B75ABE28BA /* Frameworks */,
			);
			sourceTree = "<group>";
		};
		4B4E53081ECC6E3400539AE9 /* Products */ = {
			isa = PBXGroup;
			children = (
				4B4E53071ECC6E3400539AE9 /* iOS-AppTemplate.app */,
				4B4E531B1ECC6E3400539AE9 /* iOS-AppTemplateTests.xctest */,
				4B4E53261ECC6E3400539AE9 /* iOS-AppTemplateUITests.xctest */,
			);
			name = Products;
			sourceTree = "<group>";
		};
		4B4E53091ECC6E3400539AE9 /* iOS-AppTemplate */ = {
			isa = PBXGroup;
			children = (
				4B4E530A1ECC6E3400539AE9 /* AppDelegate.swift */,
				4B4E533C1ECCAFB900539AE9 /* AppConfig.swift */,
				4B4E53161ECC6E3400539AE9 /* Info.plist */,
				4B4E530C1ECC6E3400539AE9 /* ViewController.swift */,
				4B4E530E1ECC6E3400539AE9 /* Main.storyboard */,
				4B4E53421ECD761F00539AE9 /* Services */,
				4B4E53431ECD764F00539AE9 /* UI */,
			);
			path = "iOS-AppTemplate";
			sourceTree = "<group>";
		};
		4B4E531E1ECC6E3400539AE9 /* iOS-AppTemplateTests */ = {
			isa = PBXGroup;
			children = (
				4B4E531F1ECC6E3400539AE9 /* iOS_AppTemplateTests.swift */,
				4B4E53211ECC6E3400539AE9 /* Info.plist */,
			);
			path = "iOS-AppTemplateTests";
			sourceTree = SOURCE_ROOT;
		};
		4B4E53291ECC6E3400539AE9 /* iOS-AppTemplateUITests */ = {
			isa = PBXGroup;
			children = (
				4B4E532A1ECC6E3400539AE9 /* iOS_AppTemplateUITests.swift */,
				4B4E532C1ECC6E3400539AE9 /* Info.plist */,
			);
			path = "iOS-AppTemplateUITests";
			sourceTree = "<group>";
		};
		4B4E53421ECD761F00539AE9 /* Services */ = {
			isa = PBXGroup;
			children = (
				4B64DE081ECDF29F0042941F /* UserDefaultsManager.swift */,
				4B4E53381ECC6E6E00539AE9 /* LoginService.swift */,
				4B64DE0B1ECDF4740042941F /* Networking */,
				4B64DE0A1ECDF4600042941F /* Models */,
			);
			name = Services;
			sourceTree = "<group>";
		};
		4B4E53431ECD764F00539AE9 /* UI */ = {
			isa = PBXGroup;
			children = (
				4B4E53131ECC6E3400539AE9 /* LaunchScreen.storyboard */,
				4B64DE0C1ECF99130042941F /* MainCoordinator.swift */,
				4B3C70E51ED057ED000EBE8B /* BASE */,
				4B3C70E61ED05815000EBE8B /* AR */,
				4B3C70E41ED057D5000EBE8B /* Lobby */,
				4B4E53111ECC6E3400539AE9 /* Assets.xcassets */,
			);
			name = UI;
			sourceTree = "<group>";
		};
		4B64DE0A1ECDF4600042941F /* Models */ = {
			isa = PBXGroup;
			children = (
				4B4E53441ECDB82B00539AE9 /* Token.swift */,
			);
			name = Models;
			sourceTree = "<group>";
		};
		4B64DE0B1ECDF4740042941F /* Networking */ = {
			isa = PBXGroup;
			children = (
				4B4E533E1ECCBAC700539AE9 /* ApiPaths.swift */,
				4B4E53401ECCDEBB00539AE9 /* NetworkingServiceProtocol.swift */,
			);
			name = Networking;
			sourceTree = "<group>";
		};
		4B92B5EF1ED0E4D0001362E5 /* Action Details */ = {
			isa = PBXGroup;
			children = (
				4B92B5F01ED0E4E8001362E5 /* ActionDetailsViewController.storyboard */,
				4B92B5F21ED0E4F8001362E5 /* ActionDetailsViewController.swift */,
			);
			name = "Action Details";
			sourceTree = "<group>";
		};
		4BBC5BE41ED1066200CD834C /* Places */ = {
			isa = PBXGroup;
			children = (
				4BBC5BE71ED10A5F00CD834C /* PlaceViewController.swift */,
				4BBC5BE91ED10ABA00CD834C /* Place.swift */,
				4BBC5BEB1ED10ADF00CD834C /* AnnotationView.swift */,
				4BBC5BED1ED10B0F00CD834C /* PlaceAnnotation.swift */,
				4BBC5BEF1ED10B3000CD834C /* PlacesLoader.swift */,
				4BBC5BF11ED10B5800CD834C /* PlaceViewController.storyboard */,
				4BBC5BF51ED10C1C00CD834C /* ARAnnotation.swift */,
				4BBC5BF71ED10C2500CD834C /* ARAnnotationView.swift */,
				4BBC5BF91ED10C2A00CD834C /* ARConfiguration.swift */,
				4BBC5BFB1ED10C2F00CD834C /* ARTrackingManager.swift */,
				4BBC5BFD1ED10C3600CD834C /* ARViewController.swift */,
				4BBC5BFF1ED10C4B00CD834C /* DebugMapViewController.swift */,
				4BBC5C011ED10C5B00CD834C /* DebugMapViewController.xib */,
				4BBC5C031ED10C6200CD834C /* hdar_close.png */,
				4BBC5C051ED10C6800CD834C /* hdar_close@2x.png */,
				4BBC5C071ED10C7000CD834C /* hdar_close@3x.png */,
				4BBC5BF31ED10BA200CD834C /* HDAugmentedReality */,
			);
			name = Places;
			sourceTree = "<group>";
		};
		4BF370251ED0F5B70051ED46 /* SOCKET CHAT */ = {
			isa = PBXGroup;
			children = (
				4BBC5BE21ED0FA9500CD834C /* LoginViewController.storyboard */,
				4BF370271ED0F5E40051ED46 /* Channel.swift */,
				4BF370281ED0F5E40051ED46 /* ChannelListViewController.swift */,
				4BF370291ED0F5E40051ED46 /* ChatChat-Bridging-Header.h */,
				4BF3702A1ED0F5E40051ED46 /* ChatChat.entitlements */,
				4BF3702B1ED0F5E40051ED46 /* ChatViewController.swift */,
				4BF3702C1ED0F5E40051ED46 /* CreateChannelCell.swift */,
				4BF3702D1ED0F5E40051ED46 /* GoogleService-Info.plist */,
				4BF3702E1ED0F5E40051ED46 /* LoginViewController.swift */,
				4BF3702F1ED0F5E40051ED46 /* m.m */,
				4BF370301ED0F5E40051ED46 /* UIImage+Gif.swift */,
				4BF370261ED0F5E30051ED46 /* iOS-AppTemplate-Bridging-Header.h */,
			);
			name = "SOCKET CHAT";
			sourceTree = "<group>";
		};
		AAB65ACE34F704B75ABE28BA /* Frameworks */ = {
			isa = PBXGroup;
			children = (
				C4610C1158D92DB238481DC6 /* Pods_iOS_AppTemplate.framework */,
				02C251434CDE936964A787E2 /* Pods_iOS_AppTemplateTests.framework */,
				ABCFCB04F2F685FD813E555E /* Pods_iOS_AppTemplateUITests.framework */,
			);
			name = Frameworks;
			sourceTree = "<group>";
		};
/* End PBXGroup section */

/* Begin PBXNativeTarget section */
		4B4E53061ECC6E3400539AE9 /* iOS-AppTemplate */ = {
			isa = PBXNativeTarget;
			buildConfigurationList = 4B4E532F1ECC6E3400539AE9 /* Build configuration list for PBXNativeTarget "iOS-AppTemplate" */;
			buildPhases = (
				B53D957D59EF80A1FA160BDA /* [CP] Check Pods Manifest.lock */,
				4B4E53031ECC6E3400539AE9 /* Sources */,
				4B4E53041ECC6E3400539AE9 /* Frameworks */,
				4B4E53051ECC6E3400539AE9 /* Resources */,
				8631DF78BE31D5A74C1F782A /* [CP] Embed Pods Frameworks */,
				80E72752D22D3C50BD3E3AFA /* [CP] Copy Pods Resources */,
			);
			buildRules = (
			);
			dependencies = (
			);
			name = "iOS-AppTemplate";
			productName = "iOS-AppTemplate";
			productReference = 4B4E53071ECC6E3400539AE9 /* iOS-AppTemplate.app */;
			productType = "com.apple.product-type.application";
		};
		4B4E531A1ECC6E3400539AE9 /* iOS-AppTemplateTests */ = {
			isa = PBXNativeTarget;
			buildConfigurationList = 4B4E53321ECC6E3400539AE9 /* Build configuration list for PBXNativeTarget "iOS-AppTemplateTests" */;
			buildPhases = (
				C1A5139975D2BA16C2189947 /* [CP] Check Pods Manifest.lock */,
				4B4E53171ECC6E3400539AE9 /* Sources */,
				4B4E53181ECC6E3400539AE9 /* Frameworks */,
				4B4E53191ECC6E3400539AE9 /* Resources */,
				C72D7679A872DB7AD40ED4C0 /* [CP] Embed Pods Frameworks */,
				E18471EDCF8A9FE42A0476E6 /* [CP] Copy Pods Resources */,
			);
			buildRules = (
			);
			dependencies = (
				4B4E531D1ECC6E3400539AE9 /* PBXTargetDependency */,
			);
			name = "iOS-AppTemplateTests";
			productName = "iOS-AppTemplateTests";
			productReference = 4B4E531B1ECC6E3400539AE9 /* iOS-AppTemplateTests.xctest */;
			productType = "com.apple.product-type.bundle.unit-test";
		};
		4B4E53251ECC6E3400539AE9 /* iOS-AppTemplateUITests */ = {
			isa = PBXNativeTarget;
			buildConfigurationList = 4B4E53351ECC6E3400539AE9 /* Build configuration list for PBXNativeTarget "iOS-AppTemplateUITests" */;
			buildPhases = (
				D4C59AAB71654CE0731CACA0 /* [CP] Check Pods Manifest.lock */,
				4B4E53221ECC6E3400539AE9 /* Sources */,
				4B4E53231ECC6E3400539AE9 /* Frameworks */,
				4B4E53241ECC6E3400539AE9 /* Resources */,
				419B282818C44BA4A4CDEA57 /* [CP] Embed Pods Frameworks */,
				AFFC5397C2F833B5A7A3D6D0 /* [CP] Copy Pods Resources */,
			);
			buildRules = (
			);
			dependencies = (
				4B4E53281ECC6E3400539AE9 /* PBXTargetDependency */,
			);
			name = "iOS-AppTemplateUITests";
			productName = "iOS-AppTemplateUITests";
			productReference = 4B4E53261ECC6E3400539AE9 /* iOS-AppTemplateUITests.xctest */;
			productType = "com.apple.product-type.bundle.ui-testing";
		};
/* End PBXNativeTarget section */

/* Begin PBXProject section */
		4B4E52FF1ECC6E3400539AE9 /* Project object */ = {
			isa = PBXProject;
			attributes = {
				LastSwiftUpdateCheck = 0830;
				LastUpgradeCheck = 0830;
				ORGANIZATIONNAME = "Blaž Jurišić";
				TargetAttributes = {
					4B4E53061ECC6E3400539AE9 = {
						CreatedOnToolsVersion = 8.3.1;
						DevelopmentTeam = VWRH7N68VU;
						LastSwiftMigration = 0830;
						ProvisioningStyle = Automatic;
					};
					4B4E531A1ECC6E3400539AE9 = {
						CreatedOnToolsVersion = 8.3.1;
						DevelopmentTeam = VWRH7N68VU;
						ProvisioningStyle = Automatic;
						TestTargetID = 4B4E53061ECC6E3400539AE9;
					};
					4B4E53251ECC6E3400539AE9 = {
						CreatedOnToolsVersion = 8.3.1;
						DevelopmentTeam = VWRH7N68VU;
						ProvisioningStyle = Automatic;
						TestTargetID = 4B4E53061ECC6E3400539AE9;
					};
				};
			};
			buildConfigurationList = 4B4E53021ECC6E3400539AE9 /* Build configuration list for PBXProject "iOS-AppTemplate" */;
			compatibilityVersion = "Xcode 3.2";
			developmentRegion = English;
			hasScannedForEncodings = 0;
			knownRegions = (
				en,
				Base,
			);
			mainGroup = 4B4E52FE1ECC6E3400539AE9;
			productRefGroup = 4B4E53081ECC6E3400539AE9 /* Products */;
			projectDirPath = "";
			projectRoot = "";
			targets = (
				4B4E53061ECC6E3400539AE9 /* iOS-AppTemplate */,
				4B4E531A1ECC6E3400539AE9 /* iOS-AppTemplateTests */,
				4B4E53251ECC6E3400539AE9 /* iOS-AppTemplateUITests */,
			);
		};
/* End PBXProject section */

/* Begin PBXResourcesBuildPhase section */
		4B4E53051ECC6E3400539AE9 /* Resources */ = {
			isa = PBXResourcesBuildPhase;
			buildActionMask = 2147483647;
			files = (
				4BBC5BF41ED10BA200CD834C /* HDAugmentedReality in Resources */,
				4B92B5F11ED0E4E8001362E5 /* ActionDetailsViewController.storyboard in Resources */,
				4B3C70F41ED0A36E000EBE8B /* UsersListViewController.storyboard in Resources */,
				4B3C71061ED0D114000EBE8B /* DescriptionViewController.storyboard in Resources */,
				4BBC5C061ED10C6800CD834C /* hdar_close@2x.png in Resources */,
				4BBC5BE31ED0FA9500CD834C /* LoginViewController.storyboard in Resources */,
				4BBC5C041ED10C6200CD834C /* hdar_close.png in Resources */,
				4BBC5C081ED10C7000CD834C /* hdar_close@3x.png in Resources */,
				4BBC5C021ED10C5B00CD834C /* DebugMapViewController.xib in Resources */,
				4B3C70E11ED0517D000EBE8B /* LobbyViewController.storyboard in Resources */,
				4B4E53151ECC6E3400539AE9 /* LaunchScreen.storyboard in Resources */,
				4B3C70FF1ED0AEE1000EBE8B /* FilterViewController.storyboard in Resources */,
				4B3C70ED1ED06397000EBE8B /* ActionsTableViewController.storyboard in Resources */,
				4B4E53121ECC6E3400539AE9 /* Assets.xcassets in Resources */,
				4BBC5BF21ED10B5800CD834C /* PlaceViewController.storyboard in Resources */,
				4BF370351ED0F5E40051ED46 /* GoogleService-Info.plist in Resources */,
				4B3C70F01ED06EE4000EBE8B /* CreateEditActionViewController.storyboard in Resources */,
				4B4E53101ECC6E3400539AE9 /* Main.storyboard in Resources */,
			);
			runOnlyForDeploymentPostprocessing = 0;
		};
		4B4E53191ECC6E3400539AE9 /* Resources */ = {
			isa = PBXResourcesBuildPhase;
			buildActionMask = 2147483647;
			files = (
			);
			runOnlyForDeploymentPostprocessing = 0;
		};
		4B4E53241ECC6E3400539AE9 /* Resources */ = {
			isa = PBXResourcesBuildPhase;
			buildActionMask = 2147483647;
			files = (
			);
			runOnlyForDeploymentPostprocessing = 0;
		};
/* End PBXResourcesBuildPhase section */

/* Begin PBXShellScriptBuildPhase section */
		419B282818C44BA4A4CDEA57 /* [CP] Embed Pods Frameworks */ = {
			isa = PBXShellScriptBuildPhase;
			buildActionMask = 2147483647;
			files = (
			);
			inputPaths = (
			);
			name = "[CP] Embed Pods Frameworks";
			outputPaths = (
			);
			runOnlyForDeploymentPostprocessing = 0;
			shellPath = /bin/sh;
			shellScript = "\"${SRCROOT}/Pods/Target Support Files/Pods-iOS-AppTemplateUITests/Pods-iOS-AppTemplateUITests-frameworks.sh\"\n";
			showEnvVarsInLog = 0;
		};
		80E72752D22D3C50BD3E3AFA /* [CP] Copy Pods Resources */ = {
			isa = PBXShellScriptBuildPhase;
			buildActionMask = 2147483647;
			files = (
			);
			inputPaths = (
			);
			name = "[CP] Copy Pods Resources";
			outputPaths = (
			);
			runOnlyForDeploymentPostprocessing = 0;
			shellPath = /bin/sh;
			shellScript = "\"${SRCROOT}/Pods/Target Support Files/Pods-iOS-AppTemplate/Pods-iOS-AppTemplate-resources.sh\"\n";
			showEnvVarsInLog = 0;
		};
		8631DF78BE31D5A74C1F782A /* [CP] Embed Pods Frameworks */ = {
			isa = PBXShellScriptBuildPhase;
			buildActionMask = 2147483647;
			files = (
			);
			inputPaths = (
			);
			name = "[CP] Embed Pods Frameworks";
			outputPaths = (
			);
			runOnlyForDeploymentPostprocessing = 0;
			shellPath = /bin/sh;
			shellScript = "\"${SRCROOT}/Pods/Target Support Files/Pods-iOS-AppTemplate/Pods-iOS-AppTemplate-frameworks.sh\"\n";
			showEnvVarsInLog = 0;
		};
		AFFC5397C2F833B5A7A3D6D0 /* [CP] Copy Pods Resources */ = {
			isa = PBXShellScriptBuildPhase;
			buildActionMask = 2147483647;
			files = (
			);
			inputPaths = (
			);
			name = "[CP] Copy Pods Resources";
			outputPaths = (
			);
			runOnlyForDeploymentPostprocessing = 0;
			shellPath = /bin/sh;
			shellScript = "\"${SRCROOT}/Pods/Target Support Files/Pods-iOS-AppTemplateUITests/Pods-iOS-AppTemplateUITests-resources.sh\"\n";
			showEnvVarsInLog = 0;
		};
		B53D957D59EF80A1FA160BDA /* [CP] Check Pods Manifest.lock */ = {
			isa = PBXShellScriptBuildPhase;
			buildActionMask = 2147483647;
			files = (
			);
			inputPaths = (
			);
			name = "[CP] Check Pods Manifest.lock";
			outputPaths = (
			);
			runOnlyForDeploymentPostprocessing = 0;
			shellPath = /bin/sh;
			shellScript = "diff \"${PODS_PODFILE_DIR_PATH}/Podfile.lock\" \"${PODS_ROOT}/Manifest.lock\" > /dev/null\nif [ $? != 0 ] ; then\n    # print error to STDERR\n    echo \"error: The sandbox is not in sync with the Podfile.lock. Run 'pod install' or update your CocoaPods installation.\" >&2\n    exit 1\nfi\n";
			showEnvVarsInLog = 0;
		};
		C1A5139975D2BA16C2189947 /* [CP] Check Pods Manifest.lock */ = {
			isa = PBXShellScriptBuildPhase;
			buildActionMask = 2147483647;
			files = (
			);
			inputPaths = (
			);
			name = "[CP] Check Pods Manifest.lock";
			outputPaths = (
			);
			runOnlyForDeploymentPostprocessing = 0;
			shellPath = /bin/sh;
			shellScript = "diff \"${PODS_PODFILE_DIR_PATH}/Podfile.lock\" \"${PODS_ROOT}/Manifest.lock\" > /dev/null\nif [ $? != 0 ] ; then\n    # print error to STDERR\n    echo \"error: The sandbox is not in sync with the Podfile.lock. Run 'pod install' or update your CocoaPods installation.\" >&2\n    exit 1\nfi\n";
			showEnvVarsInLog = 0;
		};
		C72D7679A872DB7AD40ED4C0 /* [CP] Embed Pods Frameworks */ = {
			isa = PBXShellScriptBuildPhase;
			buildActionMask = 2147483647;
			files = (
			);
			inputPaths = (
			);
			name = "[CP] Embed Pods Frameworks";
			outputPaths = (
			);
			runOnlyForDeploymentPostprocessing = 0;
			shellPath = /bin/sh;
			shellScript = "\"${SRCROOT}/Pods/Target Support Files/Pods-iOS-AppTemplateTests/Pods-iOS-AppTemplateTests-frameworks.sh\"\n";
			showEnvVarsInLog = 0;
		};
		D4C59AAB71654CE0731CACA0 /* [CP] Check Pods Manifest.lock */ = {
			isa = PBXShellScriptBuildPhase;
			buildActionMask = 2147483647;
			files = (
			);
			inputPaths = (
			);
			name = "[CP] Check Pods Manifest.lock";
			outputPaths = (
			);
			runOnlyForDeploymentPostprocessing = 0;
			shellPath = /bin/sh;
			shellScript = "diff \"${PODS_PODFILE_DIR_PATH}/Podfile.lock\" \"${PODS_ROOT}/Manifest.lock\" > /dev/null\nif [ $? != 0 ] ; then\n    # print error to STDERR\n    echo \"error: The sandbox is not in sync with the Podfile.lock. Run 'pod install' or update your CocoaPods installation.\" >&2\n    exit 1\nfi\n";
			showEnvVarsInLog = 0;
		};
		E18471EDCF8A9FE42A0476E6 /* [CP] Copy Pods Resources */ = {
			isa = PBXShellScriptBuildPhase;
			buildActionMask = 2147483647;
			files = (
			);
			inputPaths = (
			);
			name = "[CP] Copy Pods Resources";
			outputPaths = (
			);
			runOnlyForDeploymentPostprocessing = 0;
			shellPath = /bin/sh;
			shellScript = "\"${SRCROOT}/Pods/Target Support Files/Pods-iOS-AppTemplateTests/Pods-iOS-AppTemplateTests-resources.sh\"\n";
			showEnvVarsInLog = 0;
		};
/* End PBXShellScriptBuildPhase section */

/* Begin PBXSourcesBuildPhase section */
		4B4E53031ECC6E3400539AE9 /* Sources */ = {
			isa = PBXSourcesBuildPhase;
			buildActionMask = 2147483647;
			files = (
				4BBC5BF01ED10B3000CD834C /* PlacesLoader.swift in Sources */,
				4BBC5C001ED10C4B00CD834C /* DebugMapViewController.swift in Sources */,
				4BF370321ED0F5E40051ED46 /* ChannelListViewController.swift in Sources */,
				4B3C70FD1ED0AE73000EBE8B /* FilterViewController.swift in Sources */,
				4B3C70FA1ED0A6F5000EBE8B /* UsersListTableViewCell.swift in Sources */,
				4B3C70F21ED06FCC000EBE8B /* CreateEditActionViewController.swift in Sources */,
				4B4E530D1ECC6E3400539AE9 /* ViewController.swift in Sources */,
				4BBC5BFE1ED10C3600CD834C /* ARViewController.swift in Sources */,
				4BF370361ED0F5E40051ED46 /* LoginViewController.swift in Sources */,
				4B3C70EB1ED06343000EBE8B /* ActionsTableViewCell.swift in Sources */,
				4B92B5F31ED0E4F8001362E5 /* ActionDetailsViewController.swift in Sources */,
				4B4E53451ECDB82B00539AE9 /* Token.swift in Sources */,
				4BBC5BEA1ED10ABA00CD834C /* Place.swift in Sources */,
				4BBC5BFC1ED10C2F00CD834C /* ARTrackingManager.swift in Sources */,
				4BF370371ED0F5E40051ED46 /* m.m in Sources */,
				4B3C70D91ED04B2C000EBE8B /* LobbyCoordinator.swift in Sources */,
				4B3C70F61ED0A382000EBE8B /* UsersListViewController.swift in Sources */,
				4B4E53411ECCDEBB00539AE9 /* NetworkingServiceProtocol.swift in Sources */,
				4B4E533D1ECCAFB900539AE9 /* AppConfig.swift in Sources */,
				4BBC5BFA1ED10C2A00CD834C /* ARConfiguration.swift in Sources */,
				4B3C70D71ED04A39000EBE8B /* UIViewController + PresentAsRoot.swift in Sources */,
				4B64DE091ECDF29F0042941F /* UserDefaultsManager.swift in Sources */,
				4B3C70E31ED0575B000EBE8B /* ARCoordinator.swift in Sources */,
				4B4E533F1ECCBAC700539AE9 /* ApiPaths.swift in Sources */,
				4B3C70E91ED06121000EBE8B /* ActionsListTableViewController.swift in Sources */,
				4BF370311ED0F5E40051ED46 /* Channel.swift in Sources */,
				4B3C70DD1ED04D11000EBE8B /* BaseViewController.swift in Sources */,
				4B3C70DB1ED04BED000EBE8B /* BaseNavigationController.swift in Sources */,
				4B3C71011ED0AF84000EBE8B /* FIlterTableViewCell.swift in Sources */,
				4B4E53391ECC6E6E00539AE9 /* LoginService.swift in Sources */,
				4BBC5BEC1ED10ADF00CD834C /* AnnotationView.swift in Sources */,
				4BBC5BE81ED10A5F00CD834C /* PlaceViewController.swift in Sources */,
				4BBC5BEE1ED10B0F00CD834C /* PlaceAnnotation.swift in Sources */,
				4B3C70DF1ED05031000EBE8B /* LobbyViewController.swift in Sources */,
				4BBC5BF81ED10C2500CD834C /* ARAnnotationView.swift in Sources */,
				4BF370381ED0F5E40051ED46 /* UIImage+Gif.swift in Sources */,
				4B64DE0D1ECF99130042941F /* MainCoordinator.swift in Sources */,
				4BBC5BF61ED10C1C00CD834C /* ARAnnotation.swift in Sources */,
				4B3C71041ED0D0D9000EBE8B /* DescriptionViewController.swift in Sources */,
				4BF370331ED0F5E40051ED46 /* ChatViewController.swift in Sources */,
				4B4E530B1ECC6E3400539AE9 /* AppDelegate.swift in Sources */,
				4BF370341ED0F5E40051ED46 /* CreateChannelCell.swift in Sources */,
			);
			runOnlyForDeploymentPostprocessing = 0;
		};
		4B4E53171ECC6E3400539AE9 /* Sources */ = {
			isa = PBXSourcesBuildPhase;
			buildActionMask = 2147483647;
			files = (
				4B4E53201ECC6E3400539AE9 /* iOS_AppTemplateTests.swift in Sources */,
			);
			runOnlyForDeploymentPostprocessing = 0;
		};
		4B4E53221ECC6E3400539AE9 /* Sources */ = {
			isa = PBXSourcesBuildPhase;
			buildActionMask = 2147483647;
			files = (
				4B4E532B1ECC6E3400539AE9 /* iOS_AppTemplateUITests.swift in Sources */,
			);
			runOnlyForDeploymentPostprocessing = 0;
		};
/* End PBXSourcesBuildPhase section */

/* Begin PBXTargetDependency section */
		4B4E531D1ECC6E3400539AE9 /* PBXTargetDependency */ = {
			isa = PBXTargetDependency;
			target = 4B4E53061ECC6E3400539AE9 /* iOS-AppTemplate */;
			targetProxy = 4B4E531C1ECC6E3400539AE9 /* PBXContainerItemProxy */;
		};
		4B4E53281ECC6E3400539AE9 /* PBXTargetDependency */ = {
			isa = PBXTargetDependency;
			target = 4B4E53061ECC6E3400539AE9 /* iOS-AppTemplate */;
			targetProxy = 4B4E53271ECC6E3400539AE9 /* PBXContainerItemProxy */;
		};
/* End PBXTargetDependency section */

/* Begin PBXVariantGroup section */
		4B4E530E1ECC6E3400539AE9 /* Main.storyboard */ = {
			isa = PBXVariantGroup;
			children = (
				4B4E530F1ECC6E3400539AE9 /* Base */,
			);
			name = Main.storyboard;
			sourceTree = "<group>";
		};
		4B4E53131ECC6E3400539AE9 /* LaunchScreen.storyboard */ = {
			isa = PBXVariantGroup;
			children = (
				4B4E53141ECC6E3400539AE9 /* Base */,
			);
			name = LaunchScreen.storyboard;
			sourceTree = "<group>";
		};
/* End PBXVariantGroup section */

/* Begin XCBuildConfiguration section */
		4B4E532D1ECC6E3400539AE9 /* Debug */ = {
			isa = XCBuildConfiguration;
			buildSettings = {
				ALWAYS_SEARCH_USER_PATHS = NO;
				CLANG_ANALYZER_NONNULL = YES;
				CLANG_ANALYZER_NUMBER_OBJECT_CONVERSION = YES_AGGRESSIVE;
				CLANG_CXX_LANGUAGE_STANDARD = "gnu++0x";
				CLANG_CXX_LIBRARY = "libc++";
				CLANG_ENABLE_MODULES = YES;
				CLANG_ENABLE_OBJC_ARC = YES;
				CLANG_WARN_BOOL_CONVERSION = YES;
				CLANG_WARN_CONSTANT_CONVERSION = YES;
				CLANG_WARN_DIRECT_OBJC_ISA_USAGE = YES_ERROR;
				CLANG_WARN_DOCUMENTATION_COMMENTS = YES;
				CLANG_WARN_EMPTY_BODY = YES;
				CLANG_WARN_ENUM_CONVERSION = YES;
				CLANG_WARN_INFINITE_RECURSION = YES;
				CLANG_WARN_INT_CONVERSION = YES;
				CLANG_WARN_OBJC_ROOT_CLASS = YES_ERROR;
				CLANG_WARN_SUSPICIOUS_MOVE = YES;
				CLANG_WARN_UNREACHABLE_CODE = YES;
				CLANG_WARN__DUPLICATE_METHOD_MATCH = YES;
				"CODE_SIGN_IDENTITY[sdk=iphoneos*]" = "iPhone Developer";
				COPY_PHASE_STRIP = NO;
				DEBUG_INFORMATION_FORMAT = dwarf;
				ENABLE_STRICT_OBJC_MSGSEND = YES;
				ENABLE_TESTABILITY = YES;
				GCC_C_LANGUAGE_STANDARD = gnu99;
				GCC_DYNAMIC_NO_PIC = NO;
				GCC_NO_COMMON_BLOCKS = YES;
				GCC_OPTIMIZATION_LEVEL = 0;
				GCC_PREPROCESSOR_DEFINITIONS = (
					"DEBUG=1",
					"$(inherited)",
				);
				GCC_WARN_64_TO_32_BIT_CONVERSION = YES;
				GCC_WARN_ABOUT_RETURN_TYPE = YES_ERROR;
				GCC_WARN_UNDECLARED_SELECTOR = YES;
				GCC_WARN_UNINITIALIZED_AUTOS = YES_AGGRESSIVE;
				GCC_WARN_UNUSED_FUNCTION = YES;
				GCC_WARN_UNUSED_VARIABLE = YES;
				IPHONEOS_DEPLOYMENT_TARGET = 10.3;
				MTL_ENABLE_DEBUG_INFO = YES;
				ONLY_ACTIVE_ARCH = YES;
				SDKROOT = iphoneos;
				SWIFT_ACTIVE_COMPILATION_CONDITIONS = DEBUG;
				SWIFT_OPTIMIZATION_LEVEL = "-Onone";
				TARGETED_DEVICE_FAMILY = "1,2";
			};
			name = Debug;
		};
		4B4E532E1ECC6E3400539AE9 /* Release */ = {
			isa = XCBuildConfiguration;
			buildSettings = {
				ALWAYS_SEARCH_USER_PATHS = NO;
				CLANG_ANALYZER_NONNULL = YES;
				CLANG_ANALYZER_NUMBER_OBJECT_CONVERSION = YES_AGGRESSIVE;
				CLANG_CXX_LANGUAGE_STANDARD = "gnu++0x";
				CLANG_CXX_LIBRARY = "libc++";
				CLANG_ENABLE_MODULES = YES;
				CLANG_ENABLE_OBJC_ARC = YES;
				CLANG_WARN_BOOL_CONVERSION = YES;
				CLANG_WARN_CONSTANT_CONVERSION = YES;
				CLANG_WARN_DIRECT_OBJC_ISA_USAGE = YES_ERROR;
				CLANG_WARN_DOCUMENTATION_COMMENTS = YES;
				CLANG_WARN_EMPTY_BODY = YES;
				CLANG_WARN_ENUM_CONVERSION = YES;
				CLANG_WARN_INFINITE_RECURSION = YES;
				CLANG_WARN_INT_CONVERSION = YES;
				CLANG_WARN_OBJC_ROOT_CLASS = YES_ERROR;
				CLANG_WARN_SUSPICIOUS_MOVE = YES;
				CLANG_WARN_UNREACHABLE_CODE = YES;
				CLANG_WARN__DUPLICATE_METHOD_MATCH = YES;
				"CODE_SIGN_IDENTITY[sdk=iphoneos*]" = "iPhone Developer";
				COPY_PHASE_STRIP = NO;
				DEBUG_INFORMATION_FORMAT = "dwarf-with-dsym";
				ENABLE_NS_ASSERTIONS = NO;
				ENABLE_STRICT_OBJC_MSGSEND = YES;
				GCC_C_LANGUAGE_STANDARD = gnu99;
				GCC_NO_COMMON_BLOCKS = YES;
				GCC_WARN_64_TO_32_BIT_CONVERSION = YES;
				GCC_WARN_ABOUT_RETURN_TYPE = YES_ERROR;
				GCC_WARN_UNDECLARED_SELECTOR = YES;
				GCC_WARN_UNINITIALIZED_AUTOS = YES_AGGRESSIVE;
				GCC_WARN_UNUSED_FUNCTION = YES;
				GCC_WARN_UNUSED_VARIABLE = YES;
				IPHONEOS_DEPLOYMENT_TARGET = 10.3;
				MTL_ENABLE_DEBUG_INFO = NO;
				SDKROOT = iphoneos;
				SWIFT_OPTIMIZATION_LEVEL = "-Owholemodule";
				TARGETED_DEVICE_FAMILY = "1,2";
				VALIDATE_PRODUCT = YES;
			};
			name = Release;
		};
		4B4E53301ECC6E3400539AE9 /* Debug */ = {
			isa = XCBuildConfiguration;
			baseConfigurationReference = A8C9F026DB0F1CF07D8FBEEB /* Pods-iOS-AppTemplate.debug.xcconfig */;
			buildSettings = {
				ASSETCATALOG_COMPILER_APPICON_NAME = AppIcon;
				CLANG_ENABLE_MODULES = YES;
				DEVELOPMENT_TEAM = VWRH7N68VU;
				INFOPLIST_FILE = "iOS-AppTemplate/Info.plist";
				LD_RUNPATH_SEARCH_PATHS = "$(inherited) @executable_path/Frameworks";
				PRODUCT_BUNDLE_IDENTIFIER = "ReOs.iOS-AppTemplate";
				PRODUCT_NAME = "$(TARGET_NAME)";
				SWIFT_OBJC_BRIDGING_HEADER = "iOS-AppTemplate/iOS-AppTemplate-Bridging-Header.h";
				SWIFT_OPTIMIZATION_LEVEL = "-Onone";
				SWIFT_VERSION = 3.0;
			};
			name = Debug;
		};
		4B4E53311ECC6E3400539AE9 /* Release */ = {
			isa = XCBuildConfiguration;
			baseConfigurationReference = D6AE6101695B9E9B5F8613D9 /* Pods-iOS-AppTemplate.release.xcconfig */;
			buildSettings = {
				ASSETCATALOG_COMPILER_APPICON_NAME = AppIcon;
				CLANG_ENABLE_MODULES = YES;
				DEVELOPMENT_TEAM = VWRH7N68VU;
				INFOPLIST_FILE = "iOS-AppTemplate/Info.plist";
				LD_RUNPATH_SEARCH_PATHS = "$(inherited) @executable_path/Frameworks";
				PRODUCT_BUNDLE_IDENTIFIER = "ReOs.iOS-AppTemplate";
				PRODUCT_NAME = "$(TARGET_NAME)";
				SWIFT_OBJC_BRIDGING_HEADER = "iOS-AppTemplate/iOS-AppTemplate-Bridging-Header.h";
				SWIFT_VERSION = 3.0;
			};
			name = Release;
		};
		4B4E53331ECC6E3400539AE9 /* Debug */ = {
			isa = XCBuildConfiguration;
			baseConfigurationReference = 86FD264CA470BA17F7936E13 /* Pods-iOS-AppTemplateTests.debug.xcconfig */;
			buildSettings = {
				ALWAYS_EMBED_SWIFT_STANDARD_LIBRARIES = YES;
				BUNDLE_LOADER = "$(TEST_HOST)";
				DEVELOPMENT_TEAM = VWRH7N68VU;
				INFOPLIST_FILE = "iOS-AppTemplateTests/Info.plist";
				LD_RUNPATH_SEARCH_PATHS = "$(inherited) @executable_path/Frameworks @loader_path/Frameworks";
				PRODUCT_BUNDLE_IDENTIFIER = "ReOs.iOS-AppTemplateTests";
				PRODUCT_NAME = "$(TARGET_NAME)";
				SWIFT_VERSION = 3.0;
				TEST_HOST = "$(BUILT_PRODUCTS_DIR)/iOS-AppTemplate.app/iOS-AppTemplate";
			};
			name = Debug;
		};
		4B4E53341ECC6E3400539AE9 /* Release */ = {
			isa = XCBuildConfiguration;
			baseConfigurationReference = DF2FB19B10E8478BCC7E6C05 /* Pods-iOS-AppTemplateTests.release.xcconfig */;
			buildSettings = {
				ALWAYS_EMBED_SWIFT_STANDARD_LIBRARIES = YES;
				BUNDLE_LOADER = "$(TEST_HOST)";
				DEVELOPMENT_TEAM = VWRH7N68VU;
				INFOPLIST_FILE = "iOS-AppTemplateTests/Info.plist";
				LD_RUNPATH_SEARCH_PATHS = "$(inherited) @executable_path/Frameworks @loader_path/Frameworks";
				PRODUCT_BUNDLE_IDENTIFIER = "ReOs.iOS-AppTemplateTests";
				PRODUCT_NAME = "$(TARGET_NAME)";
				SWIFT_VERSION = 3.0;
				TEST_HOST = "$(BUILT_PRODUCTS_DIR)/iOS-AppTemplate.app/iOS-AppTemplate";
			};
			name = Release;
		};
		4B4E53361ECC6E3400539AE9 /* Debug */ = {
			isa = XCBuildConfiguration;
			baseConfigurationReference = FCC0C73E48B0AE148491D6AF /* Pods-iOS-AppTemplateUITests.debug.xcconfig */;
			buildSettings = {
				ALWAYS_EMBED_SWIFT_STANDARD_LIBRARIES = YES;
				DEVELOPMENT_TEAM = VWRH7N68VU;
				INFOPLIST_FILE = "iOS-AppTemplateUITests/Info.plist";
				LD_RUNPATH_SEARCH_PATHS = "$(inherited) @executable_path/Frameworks @loader_path/Frameworks";
				PRODUCT_BUNDLE_IDENTIFIER = "ReOs.iOS-AppTemplateUITests";
				PRODUCT_NAME = "$(TARGET_NAME)";
				SWIFT_VERSION = 3.0;
				TEST_TARGET_NAME = "iOS-AppTemplate";
			};
			name = Debug;
		};
		4B4E53371ECC6E3400539AE9 /* Release */ = {
			isa = XCBuildConfiguration;
			baseConfigurationReference = F2B5C190C2413ABC9A3503A5 /* Pods-iOS-AppTemplateUITests.release.xcconfig */;
			buildSettings = {
				ALWAYS_EMBED_SWIFT_STANDARD_LIBRARIES = YES;
				DEVELOPMENT_TEAM = VWRH7N68VU;
				INFOPLIST_FILE = "iOS-AppTemplateUITests/Info.plist";
				LD_RUNPATH_SEARCH_PATHS = "$(inherited) @executable_path/Frameworks @loader_path/Frameworks";
				PRODUCT_BUNDLE_IDENTIFIER = "ReOs.iOS-AppTemplateUITests";
				PRODUCT_NAME = "$(TARGET_NAME)";
				SWIFT_VERSION = 3.0;
				TEST_TARGET_NAME = "iOS-AppTemplate";
			};
			name = Release;
		};
/* End XCBuildConfiguration section */

/* Begin XCConfigurationList section */
		4B4E53021ECC6E3400539AE9 /* Build configuration list for PBXProject "iOS-AppTemplate" */ = {
			isa = XCConfigurationList;
			buildConfigurations = (
				4B4E532D1ECC6E3400539AE9 /* Debug */,
				4B4E532E1ECC6E3400539AE9 /* Release */,
			);
			defaultConfigurationIsVisible = 0;
			defaultConfigurationName = Release;
		};
		4B4E532F1ECC6E3400539AE9 /* Build configuration list for PBXNativeTarget "iOS-AppTemplate" */ = {
			isa = XCConfigurationList;
			buildConfigurations = (
				4B4E53301ECC6E3400539AE9 /* Debug */,
				4B4E53311ECC6E3400539AE9 /* Release */,
			);
			defaultConfigurationIsVisible = 0;
			defaultConfigurationName = Release;
		};
		4B4E53321ECC6E3400539AE9 /* Build configuration list for PBXNativeTarget "iOS-AppTemplateTests" */ = {
			isa = XCConfigurationList;
			buildConfigurations = (
				4B4E53331ECC6E3400539AE9 /* Debug */,
				4B4E53341ECC6E3400539AE9 /* Release */,
			);
			defaultConfigurationIsVisible = 0;
			defaultConfigurationName = Release;
		};
		4B4E53351ECC6E3400539AE9 /* Build configuration list for PBXNativeTarget "iOS-AppTemplateUITests" */ = {
			isa = XCConfigurationList;
			buildConfigurations = (
				4B4E53361ECC6E3400539AE9 /* Debug */,
				4B4E53371ECC6E3400539AE9 /* Release */,
			);
			defaultConfigurationIsVisible = 0;
			defaultConfigurationName = Release;
		};
/* End XCConfigurationList section */
	};
	rootObject = 4B4E52FF1ECC6E3400539AE9 /* Project object */;
}
